
Microsoft Visual Studio Solution File, Format Version 12.00
# Visual Studio Version 16
VisualStudioVersion = 16.0.32002.261
MinimumVisualStudioVersion = 10.0.40219.1
Project("{FAE04EC0-301F-11D3-BF4B-00C04F79EFBC}") = "CSharp_Beginner", "CSharp_Beginner\CSharp_Beginner.csproj", "{6444B356-D1F9-47C1-B18F-F5A943493D7E}"
EndProject
Global
	GlobalSection(SolutionConfigurationPlatforms) = preSolution
		Debug|Any CPU = Debug|Any CPU
		Release|Any CPU = Release|Any CPU
	EndGlobalSection
	GlobalSection(ProjectConfigurationPlatforms) = postSolution
		{6444B356-D1F9-47C1-B18F-F5A943493D7E}.Debug|Any CPU.ActiveCfg = Debug|Any CPU
		{6444B356-D1F9-47C1-B18F-F5A943493D7E}.Debug|Any CPU.Build.0 = Debug|Any CPU
		{6444B356-D1F9-47C1-B18F-F5A943493D7E}.Release|Any CPU.ActiveCfg = Release|Any CPU
		{6444B356-D1F9-47C1-B18F-F5A943493D7E}.Release|Any CPU.Build.0 = Release|Any CPU
	EndGlobalSection
	GlobalSection(SolutionProperties) = preSolution
		HideSolutionNode = FALSE
	EndGlobalSection
	GlobalSection(ExtensibilityGlobals) = postSolution
		SolutionGuid = {F541B1D3-6DCC-429B-B03F-2E8335069AA1}
	EndGlobalSection
EndGlobal
